
Microsoft Visual Studio Solution File, Format Version 12.00
# Visual Studio Version 16
VisualStudioVersion = 16.0.30709.132
MinimumVisualStudioVersion = 10.0.40219.1
Project("{9A19103F-16F7-4668-BE54-9A1E7A4F7556}") = "Server", "Server\Server.csproj", "{99E9980F-AD48-4B94-9E74-F198B22D1590}"
	ProjectSection(ProjectDependencies) = postProject
		{E1A8D7F7-5A35-4435-B0F5-892493B08B89} = {E1A8D7F7-5A35-4435-B0F5-892493B08B89}
	EndProjectSection
EndProject
Project("{9A19103F-16F7-4668-BE54-9A1E7A4F7556}") = "Common", "Common\Common.csproj", "{E1A8D7F7-5A35-4435-B0F5-892493B08B89}"
EndProject
Project("{FAE04EC0-301F-11D3-BF4B-00C04F79EFBC}") = "Client", "Client\Client.csproj", "{ADF5DC77-28EF-49C0-819D-CA8914B62375}"
EndProject
Global
	GlobalSection(SolutionConfigurationPlatforms) = preSolution
		Debug|Any CPU = Debug|Any CPU
		Release|Any CPU = Release|Any CPU
	EndGlobalSection
	GlobalSection(ProjectConfigurationPlatforms) = postSolution
		{99E9980F-AD48-4B94-9E74-F198B22D1590}.Debug|Any CPU.ActiveCfg = Debug|Any CPU
		{99E9980F-AD48-4B94-9E74-F198B22D1590}.Debug|Any CPU.Build.0 = Debug|Any CPU
		{99E9980F-AD48-4B94-9E74-F198B22D1590}.Release|Any CPU.ActiveCfg = Release|Any CPU
		{99E9980F-AD48-4B94-9E74-F198B22D1590}.Release|Any CPU.Build.0 = Release|Any CPU
		{E1A8D7F7-5A35-4435-B0F5-892493B08B89}.Debug|Any CPU.ActiveCfg = Debug|Any CPU
		{E1A8D7F7-5A35-4435-B0F5-892493B08B89}.Debug|Any CPU.Build.0 = Debug|Any CPU
		{E1A8D7F7-5A35-4435-B0F5-892493B08B89}.Release|Any CPU.ActiveCfg = Release|Any CPU
		{E1A8D7F7-5A35-4435-B0F5-892493B08B89}.Release|Any CPU.Build.0 = Release|Any CPU
		{ADF5DC77-28EF-49C0-819D-CA8914B62375}.Debug|Any CPU.ActiveCfg = Debug|Any CPU
		{ADF5DC77-28EF-49C0-819D-CA8914B62375}.Debug|Any CPU.Build.0 = Debug|Any CPU
		{ADF5DC77-28EF-49C0-819D-CA8914B62375}.Release|Any CPU.ActiveCfg = Release|Any CPU
		{ADF5DC77-28EF-49C0-819D-CA8914B62375}.Release|Any CPU.Build.0 = Release|Any CPU
	EndGlobalSection
	GlobalSection(SolutionProperties) = preSolution
		HideSolutionNode = FALSE
	EndGlobalSection
	GlobalSection(ExtensibilityGlobals) = postSolution
		SolutionGuid = {F97CF4DE-7D3F-45D8-B70E-36F0B5059428}
	EndGlobalSection
EndGlobal
